
Microsoft Visual Studio Solution File, Format Version 12.00
# Visual Studio Version 17
VisualStudioVersion = 17.11.35303.130
MinimumVisualStudioVersion = 10.0.40219.1
Project("{FAE04EC0-301F-11D3-BF4B-00C04F79EFBC}") = "deneme_kur_cekme", "deneme_kur_cekme\deneme_kur_cekme.csproj", "{698B3EB0-1B76-4F7C-941D-C9811EA34BB5}"
EndProject
Global
	GlobalSection(SolutionConfigurationPlatforms) = preSolution
		Debug|Any CPU = Debug|Any CPU
		Release|Any CPU = Release|Any CPU
	EndGlobalSection
	GlobalSection(ProjectConfigurationPlatforms) = postSolution
		{698B3EB0-1B76-4F7C-941D-C9811EA34BB5}.Debug|Any CPU.ActiveCfg = Debug|Any CPU
		{698B3EB0-1B76-4F7C-941D-C9811EA34BB5}.Debug|Any CPU.Build.0 = Debug|Any CPU
		{698B3EB0-1B76-4F7C-941D-C9811EA34BB5}.Release|Any CPU.ActiveCfg = Release|Any CPU
		{698B3EB0-1B76-4F7C-941D-C9811EA34BB5}.Release|Any CPU.Build.0 = Release|Any CPU
	EndGlobalSection
	GlobalSection(SolutionProperties) = preSolution
		HideSolutionNode = FALSE
	EndGlobalSection
	GlobalSection(ExtensibilityGlobals) = postSolution
		SolutionGuid = {780BDB7A-5767-4DAF-810C-295D7A52E2DE}
	EndGlobalSection
EndGlobal
